// !$*UTF8*$!
{
	archiveVersion = 1;
	classes = {
	};
	objectVersion = 50;
	objects = {

/* Begin PBXBuildFile section */
		FABCF4C422359C64002C1921 /* AppDelegate.swift in Sources */ = {isa = PBXBuildFile; fileRef = FABCF4C322359C64002C1921 /* AppDelegate.swift */; };
		FABCF4C622359C64002C1921 /* ViewController.swift in Sources */ = {isa = PBXBuildFile; fileRef = FABCF4C522359C64002C1921 /* ViewController.swift */; };
		FABCF4C922359C64002C1921 /* Main.storyboard in Resources */ = {isa = PBXBuildFile; fileRef = FABCF4C722359C64002C1921 /* Main.storyboard */; };
		FABCF4CB22359C65002C1921 /* Assets.xcassets in Resources */ = {isa = PBXBuildFile; fileRef = FABCF4CA22359C65002C1921 /* Assets.xcassets */; };
		FABCF4CE22359C65002C1921 /* LaunchScreen.storyboard in Resources */ = {isa = PBXBuildFile; fileRef = FABCF4CC22359C65002C1921 /* LaunchScreen.storyboard */; };
		FABCF4EB2235A1D1002C1921 /* note7.wav in Resources */ = {isa = PBXBuildFile; fileRef = FABCF4E42235A1D1002C1921 /* note7.wav */; };
		FABCF4EC2235A1D1002C1921 /* note5.wav in Resources */ = {isa = PBXBuildFile; fileRef = FABCF4E52235A1D1002C1921 /* note5.wav */; };
		FABCF4ED2235A1D1002C1921 /* note2.wav in Resources */ = {isa = PBXBuildFile; fileRef = FABCF4E62235A1D1002C1921 /* note2.wav */; };
		FABCF4EE2235A1D1002C1921 /* note3.wav in Resources */ = {isa = PBXBuildFile; fileRef = FABCF4E72235A1D1002C1921 /* note3.wav */; };
		FABCF4EF2235A1D1002C1921 /* note1.wav in Resources */ = {isa = PBXBuildFile; fileRef = FABCF4E82235A1D1002C1921 /* note1.wav */; };
		FABCF4F02235A1D1002C1921 /* note6.wav in Resources */ = {isa = PBXBuildFile; fileRef = FABCF4E92235A1D1002C1921 /* note6.wav */; };
		FABCF4F12235A1D1002C1921 /* note4.wav in Resources */ = {isa = PBXBuildFile; fileRef = FABCF4EA2235A1D1002C1921 /* note4.wav */; };
/* End PBXBuildFile section */

/* Begin PBXFileReference section */
		FABCF4C022359C64002C1921 /* Xylophone.app */ = {isa = PBXFileReference; explicitFileType = wrapper.application; includeInIndex = 0; path = Xylophone.app; sourceTree = BUILT_PRODUCTS_DIR; };
		FABCF4C322359C64002C1921 /* AppDelegate.swift */ = {isa = PBXFileReference; lastKnownFileType = sourcecode.swift; path = AppDelegate.swift; sourceTree = "<group>"; };
		FABCF4C522359C64002C1921 /* ViewController.swift */ = {isa = PBXFileReference; lastKnownFileType = sourcecode.swift; path = ViewController.swift; sourceTree = "<group>"; };
		FABCF4C822359C64002C1921 /* Base */ = {isa = PBXFileReference; lastKnownFileType = file.storyboard; name = Base; path = Base.lproj/Main.storyboard; sourceTree = "<group>"; };
		FABCF4CA22359C65002C1921 /* Assets.xcassets */ = {isa = PBXFileReference; lastKnownFileType = folder.assetcatalog; path = Assets.xcassets; sourceTree = "<group>"; };
		FABCF4CD22359C65002C1921 /* Base */ = {isa = PBXFileReference; lastKnownFileType = file.storyboard; name = Base; path = Base.lproj/LaunchScreen.storyboard; sourceTree = "<group>"; };
		FABCF4CF22359C65002C1921 /* Info.plist */ = {isa = PBXFileReference; lastKnownFileType = text.plist.xml; path = Info.plist; sourceTree = "<group>"; };
		FABCF4E42235A1D1002C1921 /* note7.wav */ = {isa = PBXFileReference; lastKnownFileType = audio.wav; path = note7.wav; sourceTree = "<group>"; };
		FABCF4E52235A1D1002C1921 /* note5.wav */ = {isa = PBXFileReference; lastKnownFileType = audio.wav; path = note5.wav; sourceTree = "<group>"; };
		FABCF4E62235A1D1002C1921 /* note2.wav */ = {isa = PBXFileReference; lastKnownFileType = audio.wav; path = note2.wav; sourceTree = "<group>"; };
		FABCF4E72235A1D1002C1921 /* note3.wav */ = {isa = PBXFileReference; lastKnownFileType = audio.wav; path = note3.wav; sourceTree = "<group>"; };
		FABCF4E82235A1D1002C1921 /* note1.wav */ = {isa = PBXFileReference; lastKnownFileType = audio.wav; path = note1.wav; sourceTree = "<group>"; };
		FABCF4E92235A1D1002C1921 /* note6.wav */ = {isa = PBXFileReference; lastKnownFileType = audio.wav; path = note6.wav; sourceTree = "<group>"; };
		FABCF4EA2235A1D1002C1921 /* note4.wav */ = {isa = PBXFileReference; lastKnownFileType = audio.wav; path = note4.wav; sourceTree = "<group>"; };
/* End PBXFileReference section */

/* Begin PBXFrameworksBuildPhase section */
		FABCF4BD22359C64002C1921 /* Frameworks */ = {
			isa = PBXFrameworksBuildPhase;
			buildActionMask = 2147483647;
			files = (
			);
			runOnlyForDeploymentPostprocessing = 0;
		};
/* End PBXFrameworksBuildPhase section */

/* Begin PBXGroup section */
		FABCF4B722359C64002C1921 = {
			isa = PBXGroup;
			children = (
				FABCF4C222359C64002C1921 /* Xylophone */,
				FABCF4C122359C64002C1921 /* Products */,
			);
			sourceTree = "<group>";
		};
		FABCF4C122359C64002C1921 /* Products */ = {
			isa = PBXGroup;
			children = (
				FABCF4C022359C64002C1921 /* Xylophone.app */,
			);
			name = Products;
			sourceTree = "<group>";
		};
		FABCF4C222359C64002C1921 /* Xylophone */ = {
			isa = PBXGroup;
			children = (
				FABCF4C322359C64002C1921 /* AppDelegate.swift */,
				FABCF4C522359C64002C1921 /* ViewController.swift */,
				FABCF4C722359C64002C1921 /* Main.storyboard */,
				FABCF4CA22359C65002C1921 /* Assets.xcassets */,
				FABCF4D52235A03C002C1921 /* Sound Files */,
				FABCF4CC22359C65002C1921 /* LaunchScreen.storyboard */,
				FABCF4CF22359C65002C1921 /* Info.plist */,
			);
			path = Xylophone;
			sourceTree = "<group>";
		};
		FABCF4D52235A03C002C1921 /* Sound Files */ = {
			isa = PBXGroup;
			children = (
				FABCF4E82235A1D1002C1921 /* note1.wav */,
				FABCF4E62235A1D1002C1921 /* note2.wav */,
				FABCF4E72235A1D1002C1921 /* note3.wav */,
				FABCF4EA2235A1D1002C1921 /* note4.wav */,
				FABCF4E52235A1D1002C1921 /* note5.wav */,
				FABCF4E92235A1D1002C1921 /* note6.wav */,
				FABCF4E42235A1D1002C1921 /* note7.wav */,
			);
			path = "Sound Files";
			sourceTree = "<group>";
		};
/* End PBXGroup section */

/* Begin PBXNativeTarget section */
		FABCF4BF22359C64002C1921 /* Xylophone */ = {
			isa = PBXNativeTarget;
			buildConfigurationList = FABCF4D222359C65002C1921 /* Build configuration list for PBXNativeTarget "Xylophone" */;
			buildPhases = (
				FABCF4BC22359C64002C1921 /* Sources */,
				FABCF4BD22359C64002C1921 /* Frameworks */,
				FABCF4BE22359C64002C1921 /* Resources */,
			);
			buildRules = (
			);
			dependencies = (
			);
			name = Xylophone;
			productName = Xylophone;
			productReference = FABCF4C022359C64002C1921 /* Xylophone.app */;
			productType = "com.apple.product-type.application";
		};
/* End PBXNativeTarget section */

/* Begin PBXProject section */
		FABCF4B822359C64002C1921 /* Project object */ = {
			isa = PBXProject;
			attributes = {
				LastSwiftUpdateCheck = 1010;
				LastUpgradeCheck = 1010;
				ORGANIZATIONNAME = murad;
				TargetAttributes = {
					FABCF4BF22359C64002C1921 = {
						CreatedOnToolsVersion = 10.1;
					};
				};
			};
			buildConfigurationList = FABCF4BB22359C64002C1921 /* Build configuration list for PBXProject "Xylophone" */;
			compatibilityVersion = "Xcode 9.3";
			developmentRegion = en;
			hasScannedForEncodings = 0;
			knownRegions = (
				en,
				Base,
			);
			mainGroup = FABCF4B722359C64002C1921;
			productRefGroup = FABCF4C122359C64002C1921 /* Products */;
			projectDirPath = "";
			projectRoot = "";
			targets = (
				FABCF4BF22359C64002C1921 /* Xylophone */,
			);
		};
/* End PBXProject section */

/* Begin PBXResourcesBuildPhase section */
		FABCF4BE22359C64002C1921 /* Resources */ = {
			isa = PBXResourcesBuildPhase;
			buildActionMask = 2147483647;
			files = (
				FABCF4F02235A1D1002C1921 /* note6.wav in Resources */,
				FABCF4EC2235A1D1002C1921 /* note5.wav in Resources */,
				FABCF4CE22359C65002C1921 /* LaunchScreen.storyboard in Resources */,
				FABCF4CB22359C65002C1921 /* Assets.xcassets in Resources */,
				FABCF4ED2235A1D1002C1921 /* note2.wav in Resources */,
				FABCF4EF2235A1D1002C1921 /* note1.wav in Resources */,
				FABCF4EB2235A1D1002C1921 /* note7.wav in Resources */,
				FABCF4F12235A1D1002C1921 /* note4.wav in Resources */,
				FABCF4EE2235A1D1002C1921 /* note3.wav in Resources */,
				FABCF4C922359C64002C1921 /* Main.storyboard in Resources */,
			);
			runOnlyForDeploymentPostprocessing = 0;
		};
/* End PBXResourcesBuildPhase section */

/* Begin PBXSourcesBuildPhase section */
		FABCF4BC22359C64002C1921 /* Sources */ = {
			isa = PBXSourcesBuildPhase;
			buildActionMask = 2147483647;
			files = (
				FABCF4C622359C64002C1921 /* ViewController.swift in Sources */,
				FABCF4C422359C64002C1921 /* AppDelegate.swift in Sources */,
			);
			runOnlyForDeploymentPostprocessing = 0;
		};
/* End PBXSourcesBuildPhase section */

/* Begin PBXVariantGroup section */
		FABCF4C722359C64002C1921 /* Main.storyboard */ = {
			isa = PBXVariantGroup;
			children = (
				FABCF4C822359C64002C1921 /* Base */,
			);
			name = Main.storyboard;
			sourceTree = "<group>";
		};
		FABCF4CC22359C65002C1921 /* LaunchScreen.storyboard */ = {
			isa = PBXVariantGroup;
			children = (
				FABCF4CD22359C65002C1921 /* Base */,
			);
			name = LaunchScreen.storyboard;
			sourceTree = "<group>";
		};
/* End PBXVariantGroup section */

/* Begin XCBuildConfiguration section */
		FABCF4D022359C65002C1921 /* Debug */ = {
			isa = XCBuildConfiguration;
			buildSettings = {
				ALWAYS_SEARCH_USER_PATHS = NO;
				CLANG_ANALYZER_NONNULL = YES;
				CLANG_ANALYZER_NUMBER_OBJECT_CONVERSION = YES_AGGRESSIVE;
				CLANG_CXX_LANGUAGE_STANDARD = "gnu++14";
				CLANG_CXX_LIBRARY = "libc++";
				CLANG_ENABLE_MODULES = YES;
				CLANG_ENABLE_OBJC_ARC = YES;
				CLANG_ENABLE_OBJC_WEAK = YES;
				CLANG_WARN_BLOCK_CAPTURE_AUTORELEASING = YES;
				CLANG_WARN_BOOL_CONVERSION = YES;
				CLANG_WARN_COMMA = YES;
				CLANG_WARN_CONSTANT_CONVERSION = YES;
				CLANG_WARN_DEPRECATED_OBJC_IMPLEMENTATIONS = YES;
				CLANG_WARN_DIRECT_OBJC_ISA_USAGE = YES_ERROR;
				CLANG_WARN_DOCUMENTATION_COMMENTS = YES;
				CLANG_WARN_EMPTY_BODY = YES;
				CLANG_WARN_ENUM_CONVERSION = YES;
				CLANG_WARN_INFINITE_RECURSION = YES;
				CLANG_WARN_INT_CONVERSION = YES;
				CLANG_WARN_NON_LITERAL_NULL_CONVERSION = YES;
				CLANG_WARN_OBJC_IMPLICIT_RETAIN_SELF = YES;
				CLANG_WARN_OBJC_LITERAL_CONVERSION = YES;
				CLANG_WARN_OBJC_ROOT_CLASS = YES_ERROR;
				CLANG_WARN_RANGE_LOOP_ANALYSIS = YES;
				CLANG_WARN_STRICT_PROTOTYPES = YES;
				CLANG_WARN_SUSPICIOUS_MOVE = YES;
				CLANG_WARN_UNGUARDED_AVAILABILITY = YES_AGGRESSIVE;
				CLANG_WARN_UNREACHABLE_CODE = YES;
				CLANG_WARN__DUPLICATE_METHOD_MATCH = YES;
				CODE_SIGN_IDENTITY = "iPhone Developer";
				COPY_PHASE_STRIP = NO;
				DEBUG_INFORMATION_FORMAT = dwarf;
				ENABLE_STRICT_OBJC_MSGSEND = YES;
				ENABLE_TESTABILITY = YES;
				GCC_C_LANGUAGE_STANDARD = gnu11;
				GCC_DYNAMIC_NO_PIC = NO;
				GCC_NO_COMMON_BLOCKS = YES;
				GCC_OPTIMIZATION_LEVEL = 0;
				GCC_PREPROCESSOR_DEFINITIONS = (
					"DEBUG=1",
					"$(inherited)",
				);
				GCC_WARN_64_TO_32_BIT_CONVERSION = YES;
				GCC_WARN_ABOUT_RETURN_TYPE = YES_ERROR;
				GCC_WARN_UNDECLARED_SELECTOR = YES;
				GCC_WARN_UNINITIALIZED_AUTOS = YES_AGGRESSIVE;
				GCC_WARN_UNUSED_FUNCTION = YES;
				GCC_WARN_UNUSED_VARIABLE = YES;
				IPHONEOS_DEPLOYMENT_TARGET = 12.1;
				MTL_ENABLE_DEBUG_INFO = INCLUDE_SOURCE;
				MTL_FAST_MATH = YES;
				ONLY_ACTIVE_ARCH = YES;
				SDKROOT = iphoneos;
				SWIFT_ACTIVE_COMPILATION_CONDITIONS = DEBUG;
				SWIFT_OPTIMIZATION_LEVEL = "-Onone";
			};
			name = Debug;
		};
		FABCF4D122359C65002C1921 /* Release */ = {
			isa = XCBuildConfiguration;
			buildSettings = {
				ALWAYS_SEARCH_USER_PATHS = NO;
				CLANG_ANALYZER_NONNULL = YES;
				CLANG_ANALYZER_NUMBER_OBJECT_CONVERSION = YES_AGGRESSIVE;
				CLANG_CXX_LANGUAGE_STANDARD = "gnu++14";
				CLANG_CXX_LIBRARY = "libc++";
				CLANG_ENABLE_MODULES = YES;
				CLANG_ENABLE_OBJC_ARC = YES;
				CLANG_ENABLE_OBJC_WEAK = YES;
				CLANG_WARN_BLOCK_CAPTURE_AUTORELEASING = YES;
				CLANG_WARN_BOOL_CONVERSION = YES;
				CLANG_WARN_COMMA = YES;
				CLANG_WARN_CONSTANT_CONVERSION = YES;
				CLANG_WARN_DEPRECATED_OBJC_IMPLEMENTATIONS = YES;
				CLANG_WARN_DIRECT_OBJC_ISA_USAGE = YES_ERROR;
				CLANG_WARN_DOCUMENTATION_COMMENTS = YES;
				CLANG_WARN_EMPTY_BODY = YES;
				CLANG_WARN_ENUM_CONVERSION = YES;
				CLANG_WARN_INFINITE_RECURSION = YES;
				CLANG_WARN_INT_CONVERSION = YES;
				CLANG_WARN_NON_LITERAL_NULL_CONVERSION = YES;
				CLANG_WARN_OBJC_IMPLICIT_RETAIN_SELF = YES;
				CLANG_WARN_OBJC_LITERAL_CONVERSION = YES;
				CLANG_WARN_OBJC_ROOT_CLASS = YES_ERROR;
				CLANG_WARN_RANGE_LOOP_ANALYSIS = YES;
				CLANG_WARN_STRICT_PROTOTYPES = YES;
				CLANG_WARN_SUSPICIOUS_MOVE = YES;
				CLANG_WARN_UNGUARDED_AVAILABILITY = YES_AGGRESSIVE;
				CLANG_WARN_UNREACHABLE_CODE = YES;
				CLANG_WARN__DUPLICATE_METHOD_MATCH = YES;
				CODE_SIGN_IDENTITY = "iPhone Developer";
				COPY_PHASE_STRIP = NO;
				DEBUG_INFORMATION_FORMAT = "dwarf-with-dsym";
				ENABLE_NS_ASSERTIONS = NO;
				ENABLE_STRICT_OBJC_MSGSEND = YES;
				GCC_C_LANGUAGE_STANDARD = gnu11;
				GCC_NO_COMMON_BLOCKS = YES;
				GCC_WARN_64_TO_32_BIT_CONVERSION = YES;
				GCC_WARN_ABOUT_RETURN_TYPE = YES_ERROR;
				GCC_WARN_UNDECLARED_SELECTOR = YES;
				GCC_WARN_UNINITIALIZED_AUTOS = YES_AGGRESSIVE;
				GCC_WARN_UNUSED_FUNCTION = YES;
				GCC_WARN_UNUSED_VARIABLE = YES;
				IPHONEOS_DEPLOYMENT_TARGET = 12.1;
				MTL_ENABLE_DEBUG_INFO = NO;
				MTL_FAST_MATH = YES;
				SDKROOT = iphoneos;
				SWIFT_COMPILATION_MODE = wholemodule;
				SWIFT_OPTIMIZATION_LEVEL = "-O";
				VALIDATE_PRODUCT = YES;
			};
			name = Release;
		};
		FABCF4D322359C65002C1921 /* Debug */ = {
			isa = XCBuildConfiguration;
			buildSettings = {
				ASSETCATALOG_COMPILER_APPICON_NAME = AppIcon;
				CODE_SIGN_STYLE = Automatic;
				DEVELOPMENT_TEAM = Q6D3DZE2WM;
				INFOPLIST_FILE = Xylophone/Info.plist;
				LD_RUNPATH_SEARCH_PATHS = (
					"$(inherited)",
					"@executable_path/Frameworks",
				);
				PRODUCT_BUNDLE_IDENTIFIER = com.murad.Xylophone;
				PRODUCT_NAME = "$(TARGET_NAME)";
				SWIFT_VERSION = 4.2;
				TARGETED_DEVICE_FAMILY = 1;
			};
			name = Debug;
		};
		FABCF4D422359C65002C1921 /* Release */ = {
			isa = XCBuildConfiguration;
			buildSettings = {
				ASSETCATALOG_COMPILER_APPICON_NAME = AppIcon;
				CODE_SIGN_STYLE = Automatic;
				DEVELOPMENT_TEAM = Q6D3DZE2WM;
				INFOPLIST_FILE = Xylophone/Info.plist;
				LD_RUNPATH_SEARCH_PATHS = (
					"$(inherited)",
					"@executable_path/Frameworks",
				);
				PRODUCT_BUNDLE_IDENTIFIER = com.murad.Xylophone;
				PRODUCT_NAME = "$(TARGET_NAME)";
				SWIFT_VERSION = 4.2;
				TARGETED_DEVICE_FAMILY = 1;
			};
			name = Release;
		};
/* End XCBuildConfiguration section */

/* Begin XCConfigurationList section */
		FABCF4BB22359C64002C1921 /* Build configuration list for PBXProject "Xylophone" */ = {
			isa = XCConfigurationList;
			buildConfigurations = (
				FABCF4D022359C65002C1921 /* Debug */,
				FABCF4D122359C65002C1921 /* Release */,
			);
			defaultConfigurationIsVisible = 0;
			defaultConfigurationName = Release;
		};
		FABCF4D222359C65002C1921 /* Build configuration list for PBXNativeTarget "Xylophone" */ = {
			isa = XCConfigurationList;
			buildConfigurations = (
				FABCF4D322359C65002C1921 /* Debug */,
				FABCF4D422359C65002C1921 /* Release */,
			);
			defaultConfigurationIsVisible = 0;
			defaultConfigurationName = Release;
		};
/* End XCConfigurationList section */
	};
	rootObject = FABCF4B822359C64002C1921 /* Project object */;
}
